
Microsoft Visual Studio Solution File, Format Version 12.00
# Visual Studio Version 17
VisualStudioVersion = 17.0.31912.275
MinimumVisualStudioVersion = 10.0.40219.1
Project("{8BC9CEB8-8B4A-11D0-8D11-00A0C91BC942}") = "WindowsP", "WindowsP\WindowsP.vcxproj", "{420355E1-538A-483E-A1CB-BB2EEE891043}"
EndProject
Global
	GlobalSection(SolutionConfigurationPlatforms) = preSolution
		Debug|x64 = Debug|x64
		Debug|x86 = Debug|x86
		Release|x64 = Release|x64
		Release|x86 = Release|x86
	EndGlobalSection
	GlobalSection(ProjectConfigurationPlatforms) = postSolution
		{420355E1-538A-483E-A1CB-BB2EEE891043}.Debug|x64.ActiveCfg = Debug|x64
		{420355E1-538A-483E-A1CB-BB2EEE891043}.Debug|x64.Build.0 = Debug|x64
		{420355E1-538A-483E-A1CB-BB2EEE891043}.Debug|x86.ActiveCfg = Debug|Win32
		{420355E1-538A-483E-A1CB-BB2EEE891043}.Debug|x86.Build.0 = Debug|Win32
		{420355E1-538A-483E-A1CB-BB2EEE891043}.Release|x64.ActiveCfg = Release|x64
		{420355E1-538A-483E-A1CB-BB2EEE891043}.Release|x64.Build.0 = Release|x64
		{420355E1-538A-483E-A1CB-BB2EEE891043}.Release|x86.ActiveCfg = Release|Win32
		{420355E1-538A-483E-A1CB-BB2EEE891043}.Release|x86.Build.0 = Release|Win32
	EndGlobalSection
	GlobalSection(SolutionProperties) = preSolution
		HideSolutionNode = FALSE
	EndGlobalSection
	GlobalSection(ExtensibilityGlobals) = postSolution
		SolutionGuid = {8791C116-F641-4521-AD73-545A37715800}
	EndGlobalSection
EndGlobal
